
Microsoft Visual Studio Solution File, Format Version 12.00
# Visual Studio Version 16
VisualStudioVersion = 16.0.29403.142
MinimumVisualStudioVersion = 10.0.40219.1
Project("{FAE04EC0-301F-11D3-BF4B-00C04F79EFBC}") = "TestApp.API", "TestApp\TestApp.API.csproj", "{30324CAA-E0B1-473A-A790-3A1871DA770E}"
EndProject
Project("{FAE04EC0-301F-11D3-BF4B-00C04F79EFBC}") = "TestApp.BLL", "TestApp.BLL\TestApp.BLL.csproj", "{86C00B75-97D2-4A46-9F7A-35BCA321867B}"
EndProject
Project("{FAE04EC0-301F-11D3-BF4B-00C04F79EFBC}") = "TestApp.DAL", "TestsApp.DAL\TestApp.DAL.csproj", "{C324C2F6-97DD-4BE1-A154-58DA76BBF737}"
EndProject
Project("{FAE04EC0-301F-11D3-BF4B-00C04F79EFBC}") = "TestApp.UI", "TestApp.UI\TestApp.UI.csproj", "{071E771F-084F-49CA-ADAB-2E5D9AEF27D2}"
EndProject
Global
	GlobalSection(SolutionConfigurationPlatforms) = preSolution
		Debug|Any CPU = Debug|Any CPU
		Release|Any CPU = Release|Any CPU
	EndGlobalSection
	GlobalSection(ProjectConfigurationPlatforms) = postSolution
		{30324CAA-E0B1-473A-A790-3A1871DA770E}.Debug|Any CPU.ActiveCfg = Debug|Any CPU
		{30324CAA-E0B1-473A-A790-3A1871DA770E}.Debug|Any CPU.Build.0 = Debug|Any CPU
		{30324CAA-E0B1-473A-A790-3A1871DA770E}.Release|Any CPU.ActiveCfg = Release|Any CPU
		{30324CAA-E0B1-473A-A790-3A1871DA770E}.Release|Any CPU.Build.0 = Release|Any CPU
		{86C00B75-97D2-4A46-9F7A-35BCA321867B}.Debug|Any CPU.ActiveCfg = Debug|Any CPU
		{86C00B75-97D2-4A46-9F7A-35BCA321867B}.Debug|Any CPU.Build.0 = Debug|Any CPU
		{86C00B75-97D2-4A46-9F7A-35BCA321867B}.Release|Any CPU.ActiveCfg = Release|Any CPU
		{86C00B75-97D2-4A46-9F7A-35BCA321867B}.Release|Any CPU.Build.0 = Release|Any CPU
		{C324C2F6-97DD-4BE1-A154-58DA76BBF737}.Debug|Any CPU.ActiveCfg = Debug|Any CPU
		{C324C2F6-97DD-4BE1-A154-58DA76BBF737}.Debug|Any CPU.Build.0 = Debug|Any CPU
		{C324C2F6-97DD-4BE1-A154-58DA76BBF737}.Release|Any CPU.ActiveCfg = Release|Any CPU
		{C324C2F6-97DD-4BE1-A154-58DA76BBF737}.Release|Any CPU.Build.0 = Release|Any CPU
		{071E771F-084F-49CA-ADAB-2E5D9AEF27D2}.Debug|Any CPU.ActiveCfg = Debug|Any CPU
		{071E771F-084F-49CA-ADAB-2E5D9AEF27D2}.Debug|Any CPU.Build.0 = Debug|Any CPU
		{071E771F-084F-49CA-ADAB-2E5D9AEF27D2}.Release|Any CPU.ActiveCfg = Release|Any CPU
		{071E771F-084F-49CA-ADAB-2E5D9AEF27D2}.Release|Any CPU.Build.0 = Release|Any CPU
	EndGlobalSection
	GlobalSection(SolutionProperties) = preSolution
		HideSolutionNode = FALSE
	EndGlobalSection
	GlobalSection(ExtensibilityGlobals) = postSolution
		SolutionGuid = {676FE5D0-3D91-4197-AAEF-214E9AE1F78B}
	EndGlobalSection
EndGlobal
